
Microsoft Visual Studio Solution File, Format Version 12.00
# Visual Studio Version 16
VisualStudioVersion = 16.0.29409.12
MinimumVisualStudioVersion = 10.0.40219.1
Project("{FAE04EC0-301F-11D3-BF4B-00C04F79EFBC}") = "RazorPagesMovie", "RazorPagesMovie.csproj", "{51A8F2C2-1A5F-4B72-BE46-E5F6BFF22419}"
EndProject
Global
	GlobalSection(SolutionConfigurationPlatforms) = preSolution
		Debug|Any CPU = Debug|Any CPU
		Release|Any CPU = Release|Any CPU
	EndGlobalSection
	GlobalSection(ProjectConfigurationPlatforms) = postSolution
		{51A8F2C2-1A5F-4B72-BE46-E5F6BFF22419}.Debug|Any CPU.ActiveCfg = Debug|Any CPU
		{51A8F2C2-1A5F-4B72-BE46-E5F6BFF22419}.Debug|Any CPU.Build.0 = Debug|Any CPU
		{51A8F2C2-1A5F-4B72-BE46-E5F6BFF22419}.Release|Any CPU.ActiveCfg = Release|Any CPU
		{51A8F2C2-1A5F-4B72-BE46-E5F6BFF22419}.Release|Any CPU.Build.0 = Release|Any CPU
	EndGlobalSection
	GlobalSection(SolutionProperties) = preSolution
		HideSolutionNode = FALSE
	EndGlobalSection
	GlobalSection(ExtensibilityGlobals) = postSolution
		SolutionGuid = {29EE4F5D-AB99-4983-BF53-1D92A3ACE2BE}
	EndGlobalSection
EndGlobal
